
Microsoft Visual Studio Solution File, Format Version 12.00
# Visual Studio 14
VisualStudioVersion = 14.0.23107.0
MinimumVisualStudioVersion = 10.0.40219.1
Project("{FAE04EC0-301F-11D3-BF4B-00C04F79EFBC}") = "FlexAuth", "FlexAuth\FlexAuth.csproj", "{DFFFCDF1-26B1-4525-BE2A-FF09A8A3CA05}"
EndProject
Project("{FAE04EC0-301F-11D3-BF4B-00C04F79EFBC}") = "FlexAuth.Tests", "FlexAuth.Tests\FlexAuth.Tests.csproj", "{DD2DF0E6-AE86-40BB-AF8B-3745EBF64C21}"
EndProject
Global
	GlobalSection(SolutionConfigurationPlatforms) = preSolution
		Debug|Any CPU = Debug|Any CPU
		Release|Any CPU = Release|Any CPU
	EndGlobalSection
	GlobalSection(ProjectConfigurationPlatforms) = postSolution
		{DFFFCDF1-26B1-4525-BE2A-FF09A8A3CA05}.Debug|Any CPU.ActiveCfg = Debug|Any CPU
		{DFFFCDF1-26B1-4525-BE2A-FF09A8A3CA05}.Debug|Any CPU.Build.0 = Debug|Any CPU
		{DFFFCDF1-26B1-4525-BE2A-FF09A8A3CA05}.Release|Any CPU.ActiveCfg = Release|Any CPU
		{DFFFCDF1-26B1-4525-BE2A-FF09A8A3CA05}.Release|Any CPU.Build.0 = Release|Any CPU
		{DD2DF0E6-AE86-40BB-AF8B-3745EBF64C21}.Debug|Any CPU.ActiveCfg = Debug|Any CPU
		{DD2DF0E6-AE86-40BB-AF8B-3745EBF64C21}.Debug|Any CPU.Build.0 = Debug|Any CPU
		{DD2DF0E6-AE86-40BB-AF8B-3745EBF64C21}.Release|Any CPU.ActiveCfg = Release|Any CPU
		{DD2DF0E6-AE86-40BB-AF8B-3745EBF64C21}.Release|Any CPU.Build.0 = Release|Any CPU
	EndGlobalSection
	GlobalSection(SolutionProperties) = preSolution
		HideSolutionNode = FALSE
	EndGlobalSection
EndGlobal
